{
  "name": "nepl3-rp2040-runner",
  "version": "0.1.0",
  "lockfileVersion": 3,
  "requires": true,
  "packages": {
    "": {
      "name": "nepl3-rp2040-runner",
      "version": "0.1.0",
      "dependencies": {
        "rp2040js": "1.3.4"
      },
      "engines": {
        "node": "24.14.1"
      }
    },
    "node_modules/rp2040js": {
      "version": "1.3.4",
      "resolved": "https://registry.npmjs.org/rp2040js/-/rp2040js-1.3.4.tgz",
      "integrity": "sha512-3Y+WpXT1F0iDv2oqZQHy1aAl7FcVLRaX6kRx5HU8O3fwoVKtTT3I9zw/yVDfYF8DaqfbkM5dwwzyGJcE6Lh4/g==",
      "license": "MIT",
      "engines": {
        "node": ">=18.0.0"
      }
    }
  }
}
