{
  "name": "nepl3-rp2040-runner",
  "version": "0.1.0",
  "lockfileVersion": 3,
  "requires": true,
  "packages": {
    "": {
      "name": "nepl3-rp2040-runner",
      "version": "0.1.0",
      "dependencies": {
        "rp2040js": "1.4.0"
      },
      "engines": {
        "node": "24.14.1"
      }
    },
    "node_modules/rp2040js": {
      "version": "1.4.0",
      "resolved": "https://registry.npmjs.org/rp2040js/-/rp2040js-1.4.0.tgz",
      "integrity": "sha512-knEMw0SRP9JPVLvhhYB3rjP4gLQhcWs9UOXKvxFU9Rn5eWvmlPzObMhEjfeLZ6H8FGepd6ZtMAYzGEtCaB9qYg==",
      "license": "MIT",
      "engines": {
        "node": ">=18.0.0"
      }
    }
  }
}
